# This file is automatically @generated by Cargo.
# It is not intended for manual editing.
version = 3

[[package]]
name = "compiler"
version = "0.1.0"
dependencies = [
 "iced-x86",
 "memmap2",
]

[[package]]
name = "iced-x86"
version = "1.20.0"
source = "registry+https://github.com/rust-lang/crates.io-index"
checksum = "cdd366a53278429c028367e0ba22a46cab6d565a57afb959f06e92c7a69e7828"
dependencies = [
 "lazy_static",
]

[[package]]
name = "lazy_static"
version = "1.4.0"
source = "registry+https://github.com/rust-lang/crates.io-index"
checksum = "e2abad23fbc42b3700f2f279844dc832adb2b2eb069b2df918f455c4e18cc646"

[[package]]
name = "libc"
version = "0.2.152"
source = "registry+https://github.com/rust-lang/crates.io-index"
checksum = "13e3bf6590cbc649f4d1a3eefc9d5d6eb746f5200ffb04e5e142700b8faa56e7"

[[package]]
name = "memmap2"
version = "0.9.3"
source = "registry+https://github.com/rust-lang/crates.io-index"
checksum = "45fd3a57831bf88bc63f8cebc0cf956116276e97fef3966103e96416209f7c92"
dependencies = [
 "libc",
]

[[package]]
name = "shellcode"
version = "0.1.0"

[[package]]
name = "vm"
version = "0.1.0"
